// !$*UTF8*$!
{
	archiveVersion = 1;
	classes = {
	};
	objectVersion = 56;
	objects = {

/* Begin PBXBuildFile section */
		D3166ACC2A0149EE00027AB4 /* PrimiumVC.swift in Sources */ = {isa = PBXBuildFile; fileRef = D3166ACB2A0149EE00027AB4 /* PrimiumVC.swift */; };
		D3166AD42A014A1700027AB4 /* PrimiumVC.storyboard in Resources */ = {isa = PBXBuildFile; fileRef = D3166AD32A014A1700027AB4 /* PrimiumVC.storyboard */; };
		D3166AD62A01510C00027AB4 /* CardList.swift in Sources */ = {isa = PBXBuildFile; fileRef = D3166AD52A01510C00027AB4 /* CardList.swift */; };
		D3166AD82A01543600027AB4 /* Constants.swift in Sources */ = {isa = PBXBuildFile; fileRef = D3166AD72A01543600027AB4 /* Constants.swift */; };
		D385520D2A0289B9002113D9 /* CardListCell.swift in Sources */ = {isa = PBXBuildFile; fileRef = D385520B2A0289B9002113D9 /* CardListCell.swift */; };
		D385520E2A0289B9002113D9 /* CardListCell.xib in Resources */ = {isa = PBXBuildFile; fileRef = D385520C2A0289B9002113D9 /* CardListCell.xib */; };
		D3BCF0A12A012615001A73EE /* AppDelegate.swift in Sources */ = {isa = PBXBuildFile; fileRef = D3BCF0A02A012615001A73EE /* AppDelegate.swift */; };
		D3BCF0A32A012615001A73EE /* SceneDelegate.swift in Sources */ = {isa = PBXBuildFile; fileRef = D3BCF0A22A012615001A73EE /* SceneDelegate.swift */; };
		D3BCF0A52A012615001A73EE /* ViewController.swift in Sources */ = {isa = PBXBuildFile; fileRef = D3BCF0A42A012615001A73EE /* ViewController.swift */; };
		D3BCF0A82A012615001A73EE /* Main.storyboard in Resources */ = {isa = PBXBuildFile; fileRef = D3BCF0A62A012615001A73EE /* Main.storyboard */; };
		D3BCF0AA2A012615001A73EE /* Assets.xcassets in Resources */ = {isa = PBXBuildFile; fileRef = D3BCF0A92A012615001A73EE /* Assets.xcassets */; };
		D3BCF0AD2A012616001A73EE /* LaunchScreen.storyboard in Resources */ = {isa = PBXBuildFile; fileRef = D3BCF0AB2A012616001A73EE /* LaunchScreen.storyboard */; };
		D3BCF0B52A0129E3001A73EE /* CustomViewController.swift in Sources */ = {isa = PBXBuildFile; fileRef = D3BCF0B42A0129E3001A73EE /* CustomViewController.swift */; };
		D3BCF0B72A014288001A73EE /* ToggleViewController.storyboard in Resources */ = {isa = PBXBuildFile; fileRef = D3BCF0B62A014288001A73EE /* ToggleViewController.storyboard */; };
		D3BCF0BB2A01445B001A73EE /* ToggleViewController.swift in Sources */ = {isa = PBXBuildFile; fileRef = D3BCF0BA2A01445B001A73EE /* ToggleViewController.swift */; };
/* End PBXBuildFile section */

/* Begin PBXFileReference section */
		D3166ACB2A0149EE00027AB4 /* PrimiumVC.swift */ = {isa = PBXFileReference; lastKnownFileType = sourcecode.swift; path = PrimiumVC.swift; sourceTree = "<group>"; };
		D3166AD32A014A1700027AB4 /* PrimiumVC.storyboard */ = {isa = PBXFileReference; lastKnownFileType = file.storyboard; path = PrimiumVC.storyboard; sourceTree = "<group>"; };
		D3166AD52A01510C00027AB4 /* CardList.swift */ = {isa = PBXFileReference; lastKnownFileType = sourcecode.swift; path = CardList.swift; sourceTree = "<group>"; };
		D3166AD72A01543600027AB4 /* Constants.swift */ = {isa = PBXFileReference; lastKnownFileType = sourcecode.swift; path = Constants.swift; sourceTree = "<group>"; };
		D385520B2A0289B9002113D9 /* CardListCell.swift */ = {isa = PBXFileReference; lastKnownFileType = sourcecode.swift; path = CardListCell.swift; sourceTree = "<group>"; };
		D385520C2A0289B9002113D9 /* CardListCell.xib */ = {isa = PBXFileReference; lastKnownFileType = file.xib; name = CardListCell.xib; path = ../CardListCell.xib; sourceTree = "<group>"; };
		D3BCF09D2A012615001A73EE /* DailyChallenges.app */ = {isa = PBXFileReference; explicitFileType = wrapper.application; includeInIndex = 0; path = DailyChallenges.app; sourceTree = BUILT_PRODUCTS_DIR; };
		D3BCF0A02A012615001A73EE /* AppDelegate.swift */ = {isa = PBXFileReference; lastKnownFileType = sourcecode.swift; path = AppDelegate.swift; sourceTree = "<group>"; };
		D3BCF0A22A012615001A73EE /* SceneDelegate.swift */ = {isa = PBXFileReference; lastKnownFileType = sourcecode.swift; path = SceneDelegate.swift; sourceTree = "<group>"; };
		D3BCF0A42A012615001A73EE /* ViewController.swift */ = {isa = PBXFileReference; lastKnownFileType = sourcecode.swift; path = ViewController.swift; sourceTree = "<group>"; };
		D3BCF0A72A012615001A73EE /* Base */ = {isa = PBXFileReference; lastKnownFileType = file.storyboard; name = Base; path = Base.lproj/Main.storyboard; sourceTree = "<group>"; };
		D3BCF0A92A012615001A73EE /* Assets.xcassets */ = {isa = PBXFileReference; lastKnownFileType = folder.assetcatalog; path = Assets.xcassets; sourceTree = "<group>"; };
		D3BCF0AC2A012616001A73EE /* Base */ = {isa = PBXFileReference; lastKnownFileType = file.storyboard; name = Base; path = Base.lproj/LaunchScreen.storyboard; sourceTree = "<group>"; };
		D3BCF0AE2A012616001A73EE /* Info.plist */ = {isa = PBXFileReference; lastKnownFileType = text.plist.xml; path = Info.plist; sourceTree = "<group>"; };
		D3BCF0B42A0129E3001A73EE /* CustomViewController.swift */ = {isa = PBXFileReference; lastKnownFileType = sourcecode.swift; path = CustomViewController.swift; sourceTree = "<group>"; };
		D3BCF0B62A014288001A73EE /* ToggleViewController.storyboard */ = {isa = PBXFileReference; lastKnownFileType = file.storyboard; path = ToggleViewController.storyboard; sourceTree = "<group>"; };
		D3BCF0BA2A01445B001A73EE /* ToggleViewController.swift */ = {isa = PBXFileReference; lastKnownFileType = sourcecode.swift; path = ToggleViewController.swift; sourceTree = "<group>"; };
/* End PBXFileReference section */

/* Begin PBXFrameworksBuildPhase section */
		D3BCF09A2A012614001A73EE /* Frameworks */ = {
			isa = PBXFrameworksBuildPhase;
			buildActionMask = 2147483647;
			files = (
			);
			runOnlyForDeploymentPostprocessing = 0;
		};
/* End PBXFrameworksBuildPhase section */

/* Begin PBXGroup section */
		D3166ADD2A015ABB00027AB4 /* View */ = {
			isa = PBXGroup;
			children = (
				D3BCF0B62A014288001A73EE /* ToggleViewController.storyboard */,
				D3166AD32A014A1700027AB4 /* PrimiumVC.storyboard */,
				D3BCF0A62A012615001A73EE /* Main.storyboard */,
				D385520C2A0289B9002113D9 /* CardListCell.xib */,
				D385520B2A0289B9002113D9 /* CardListCell.swift */,
			);
			path = View;
			sourceTree = "<group>";
		};
		D33DDC802A015AF4006E5D4F /* Controller */ = {
			isa = PBXGroup;
			children = (
				D3166AD72A01543600027AB4 /* Constants.swift */,
				D3BCF0B42A0129E3001A73EE /* CustomViewController.swift */,
				D3BCF0BA2A01445B001A73EE /* ToggleViewController.swift */,
				D3BCF0A42A012615001A73EE /* ViewController.swift */,
				D3166ACB2A0149EE00027AB4 /* PrimiumVC.swift */,
			);
			path = Controller;
			sourceTree = "<group>";
		};
		D33DDC812A015B1C006E5D4F /* Model */ = {
			isa = PBXGroup;
			children = (
				D3166AD52A01510C00027AB4 /* CardList.swift */,
			);
			path = Model;
			sourceTree = "<group>";
		};
		D3BCF0942A012614001A73EE = {
			isa = PBXGroup;
			children = (
				D3BCF09F2A012615001A73EE /* DailyChallenges */,
				D3BCF09E2A012615001A73EE /* Products */,
			);
			sourceTree = "<group>";
		};
		D3BCF09E2A012615001A73EE /* Products */ = {
			isa = PBXGroup;
			children = (
				D3BCF09D2A012615001A73EE /* DailyChallenges.app */,
			);
			name = Products;
			sourceTree = "<group>";
		};
		D3BCF09F2A012615001A73EE /* DailyChallenges */ = {
			isa = PBXGroup;
			children = (
				D3BCF0A02A012615001A73EE /* AppDelegate.swift */,
				D3BCF0A22A012615001A73EE /* SceneDelegate.swift */,
				D33DDC812A015B1C006E5D4F /* Model */,
				D3166ADD2A015ABB00027AB4 /* View */,
				D33DDC802A015AF4006E5D4F /* Controller */,
				D3BCF0A92A012615001A73EE /* Assets.xcassets */,
				D3BCF0AB2A012616001A73EE /* LaunchScreen.storyboard */,
				D3BCF0AE2A012616001A73EE /* Info.plist */,
			);
			path = DailyChallenges;
			sourceTree = "<group>";
		};
/* End PBXGroup section */

/* Begin PBXNativeTarget section */
		D3BCF09C2A012614001A73EE /* DailyChallenges */ = {
			isa = PBXNativeTarget;
			buildConfigurationList = D3BCF0B12A012616001A73EE /* Build configuration list for PBXNativeTarget "DailyChallenges" */;
			buildPhases = (
				D3BCF0992A012614001A73EE /* Sources */,
				D3BCF09A2A012614001A73EE /* Frameworks */,
				D3BCF09B2A012614001A73EE /* Resources */,
			);
			buildRules = (
			);
			dependencies = (
			);
			name = DailyChallenges;
			productName = DailyChallenges;
			productReference = D3BCF09D2A012615001A73EE /* DailyChallenges.app */;
			productType = "com.apple.product-type.application";
		};
/* End PBXNativeTarget section */

/* Begin PBXProject section */
		D3BCF0952A012614001A73EE /* Project object */ = {
			isa = PBXProject;
			attributes = {
				BuildIndependentTargetsInParallel = 1;
				LastSwiftUpdateCheck = 1410;
				LastUpgradeCheck = 1410;
				TargetAttributes = {
					D3BCF09C2A012614001A73EE = {
						CreatedOnToolsVersion = 14.1;
					};
				};
			};
			buildConfigurationList = D3BCF0982A012614001A73EE /* Build configuration list for PBXProject "DailyChallenges" */;
			compatibilityVersion = "Xcode 14.0";
			developmentRegion = en;
			hasScannedForEncodings = 0;
			knownRegions = (
				en,
				Base,
			);
			mainGroup = D3BCF0942A012614001A73EE;
			productRefGroup = D3BCF09E2A012615001A73EE /* Products */;
			projectDirPath = "";
			projectRoot = "";
			targets = (
				D3BCF09C2A012614001A73EE /* DailyChallenges */,
			);
		};
/* End PBXProject section */

/* Begin PBXResourcesBuildPhase section */
		D3BCF09B2A012614001A73EE /* Resources */ = {
			isa = PBXResourcesBuildPhase;
			buildActionMask = 2147483647;
			files = (
				D3BCF0AD2A012616001A73EE /* LaunchScreen.storyboard in Resources */,
				D3BCF0AA2A012615001A73EE /* Assets.xcassets in Resources */,
				D3166AD42A014A1700027AB4 /* PrimiumVC.storyboard in Resources */,
				D385520E2A0289B9002113D9 /* CardListCell.xib in Resources */,
				D3BCF0A82A012615001A73EE /* Main.storyboard in Resources */,
				D3BCF0B72A014288001A73EE /* ToggleViewController.storyboard in Resources */,
			);
			runOnlyForDeploymentPostprocessing = 0;
		};
/* End PBXResourcesBuildPhase section */

/* Begin PBXSourcesBuildPhase section */
		D3BCF0992A012614001A73EE /* Sources */ = {
			isa = PBXSourcesBuildPhase;
			buildActionMask = 2147483647;
			files = (
				D3BCF0A52A012615001A73EE /* ViewController.swift in Sources */,
				D3BCF0BB2A01445B001A73EE /* ToggleViewController.swift in Sources */,
				D3166ACC2A0149EE00027AB4 /* PrimiumVC.swift in Sources */,
				D3BCF0A12A012615001A73EE /* AppDelegate.swift in Sources */,
				D3BCF0A32A012615001A73EE /* SceneDelegate.swift in Sources */,
				D3BCF0B52A0129E3001A73EE /* CustomViewController.swift in Sources */,
				D385520D2A0289B9002113D9 /* CardListCell.swift in Sources */,
				D3166AD62A01510C00027AB4 /* CardList.swift in Sources */,
				D3166AD82A01543600027AB4 /* Constants.swift in Sources */,
			);
			runOnlyForDeploymentPostprocessing = 0;
		};
/* End PBXSourcesBuildPhase section */

/* Begin PBXVariantGroup section */
		D3BCF0A62A012615001A73EE /* Main.storyboard */ = {
			isa = PBXVariantGroup;
			children = (
				D3BCF0A72A012615001A73EE /* Base */,
			);
			name = Main.storyboard;
			sourceTree = "<group>";
		};
		D3BCF0AB2A012616001A73EE /* LaunchScreen.storyboard */ = {
			isa = PBXVariantGroup;
			children = (
				D3BCF0AC2A012616001A73EE /* Base */,
			);
			name = LaunchScreen.storyboard;
			sourceTree = "<group>";
		};
/* End PBXVariantGroup section */

/* Begin XCBuildConfiguration section */
		D3BCF0AF2A012616001A73EE /* Debug */ = {
			isa = XCBuildConfiguration;
			buildSettings = {
				ALWAYS_SEARCH_USER_PATHS = NO;
				CLANG_ANALYZER_NONNULL = YES;
				CLANG_ANALYZER_NUMBER_OBJECT_CONVERSION = YES_AGGRESSIVE;
				CLANG_CXX_LANGUAGE_STANDARD = "gnu++20";
				CLANG_ENABLE_MODULES = YES;
				CLANG_ENABLE_OBJC_ARC = YES;
				CLANG_ENABLE_OBJC_WEAK = YES;
				CLANG_WARN_BLOCK_CAPTURE_AUTORELEASING = YES;
				CLANG_WARN_BOOL_CONVERSION = YES;
				CLANG_WARN_COMMA = YES;
				CLANG_WARN_CONSTANT_CONVERSION = YES;
				CLANG_WARN_DEPRECATED_OBJC_IMPLEMENTATIONS = YES;
				CLANG_WARN_DIRECT_OBJC_ISA_USAGE = YES_ERROR;
				CLANG_WARN_DOCUMENTATION_COMMENTS = YES;
				CLANG_WARN_EMPTY_BODY = YES;
				CLANG_WARN_ENUM_CONVERSION = YES;
				CLANG_WARN_INFINITE_RECURSION = YES;
				CLANG_WARN_INT_CONVERSION = YES;
				CLANG_WARN_NON_LITERAL_NULL_CONVERSION = YES;
				CLANG_WARN_OBJC_IMPLICIT_RETAIN_SELF = YES;
				CLANG_WARN_OBJC_LITERAL_CONVERSION = YES;
				CLANG_WARN_OBJC_ROOT_CLASS = YES_ERROR;
				CLANG_WARN_QUOTED_INCLUDE_IN_FRAMEWORK_HEADER = YES;
				CLANG_WARN_RANGE_LOOP_ANALYSIS = YES;
				CLANG_WARN_STRICT_PROTOTYPES = YES;
				CLANG_WARN_SUSPICIOUS_MOVE = YES;
				CLANG_WARN_UNGUARDED_AVAILABILITY = YES_AGGRESSIVE;
				CLANG_WARN_UNREACHABLE_CODE = YES;
				CLANG_WARN__DUPLICATE_METHOD_MATCH = YES;
				COPY_PHASE_STRIP = NO;
				DEBUG_INFORMATION_FORMAT = dwarf;
				ENABLE_STRICT_OBJC_MSGSEND = YES;
				ENABLE_TESTABILITY = YES;
				GCC_C_LANGUAGE_STANDARD = gnu11;
				GCC_DYNAMIC_NO_PIC = NO;
				GCC_NO_COMMON_BLOCKS = YES;
				GCC_OPTIMIZATION_LEVEL = 0;
				GCC_PREPROCESSOR_DEFINITIONS = (
					"DEBUG=1",
					"$(inherited)",
				);
				GCC_WARN_64_TO_32_BIT_CONVERSION = YES;
				GCC_WARN_ABOUT_RETURN_TYPE = YES_ERROR;
				GCC_WARN_UNDECLARED_SELECTOR = YES;
				GCC_WARN_UNINITIALIZED_AUTOS = YES_AGGRESSIVE;
				GCC_WARN_UNUSED_FUNCTION = YES;
				GCC_WARN_UNUSED_VARIABLE = YES;
				IPHONEOS_DEPLOYMENT_TARGET = 16.1;
				MTL_ENABLE_DEBUG_INFO = INCLUDE_SOURCE;
				MTL_FAST_MATH = YES;
				ONLY_ACTIVE_ARCH = YES;
				SDKROOT = iphoneos;
				SWIFT_ACTIVE_COMPILATION_CONDITIONS = DEBUG;
				SWIFT_OPTIMIZATION_LEVEL = "-Onone";
			};
			name = Debug;
		};
		D3BCF0B02A012616001A73EE /* Release */ = {
			isa = XCBuildConfiguration;
			buildSettings = {
				ALWAYS_SEARCH_USER_PATHS = NO;
				CLANG_ANALYZER_NONNULL = YES;
				CLANG_ANALYZER_NUMBER_OBJECT_CONVERSION = YES_AGGRESSIVE;
				CLANG_CXX_LANGUAGE_STANDARD = "gnu++20";
				CLANG_ENABLE_MODULES = YES;
				CLANG_ENABLE_OBJC_ARC = YES;
				CLANG_ENABLE_OBJC_WEAK = YES;
				CLANG_WARN_BLOCK_CAPTURE_AUTORELEASING = YES;
				CLANG_WARN_BOOL_CONVERSION = YES;
				CLANG_WARN_COMMA = YES;
				CLANG_WARN_CONSTANT_CONVERSION = YES;
				CLANG_WARN_DEPRECATED_OBJC_IMPLEMENTATIONS = YES;
				CLANG_WARN_DIRECT_OBJC_ISA_USAGE = YES_ERROR;
				CLANG_WARN_DOCUMENTATION_COMMENTS = YES;
				CLANG_WARN_EMPTY_BODY = YES;
				CLANG_WARN_ENUM_CONVERSION = YES;
				CLANG_WARN_INFINITE_RECURSION = YES;
				CLANG_WARN_INT_CONVERSION = YES;
				CLANG_WARN_NON_LITERAL_NULL_CONVERSION = YES;
				CLANG_WARN_OBJC_IMPLICIT_RETAIN_SELF = YES;
				CLANG_WARN_OBJC_LITERAL_CONVERSION = YES;
				CLANG_WARN_OBJC_ROOT_CLASS = YES_ERROR;
				CLANG_WARN_QUOTED_INCLUDE_IN_FRAMEWORK_HEADER = YES;
				CLANG_WARN_RANGE_LOOP_ANALYSIS = YES;
				CLANG_WARN_STRICT_PROTOTYPES = YES;
				CLANG_WARN_SUSPICIOUS_MOVE = YES;
				CLANG_WARN_UNGUARDED_AVAILABILITY = YES_AGGRESSIVE;
				CLANG_WARN_UNREACHABLE_CODE = YES;
				CLANG_WARN__DUPLICATE_METHOD_MATCH = YES;
				COPY_PHASE_STRIP = NO;
				DEBUG_INFORMATION_FORMAT = "dwarf-with-dsym";
				ENABLE_NS_ASSERTIONS = NO;
				ENABLE_STRICT_OBJC_MSGSEND = YES;
				GCC_C_LANGUAGE_STANDARD = gnu11;
				GCC_NO_COMMON_BLOCKS = YES;
				GCC_WARN_64_TO_32_BIT_CONVERSION = YES;
				GCC_WARN_ABOUT_RETURN_TYPE = YES_ERROR;
				GCC_WARN_UNDECLARED_SELECTOR = YES;
				GCC_WARN_UNINITIALIZED_AUTOS = YES_AGGRESSIVE;
				GCC_WARN_UNUSED_FUNCTION = YES;
				GCC_WARN_UNUSED_VARIABLE = YES;
				IPHONEOS_DEPLOYMENT_TARGET = 16.1;
				MTL_ENABLE_DEBUG_INFO = NO;
				MTL_FAST_MATH = YES;
				SDKROOT = iphoneos;
				SWIFT_COMPILATION_MODE = wholemodule;
				SWIFT_OPTIMIZATION_LEVEL = "-O";
				VALIDATE_PRODUCT = YES;
			};
			name = Release;
		};
		D3BCF0B22A012616001A73EE /* Debug */ = {
			isa = XCBuildConfiguration;
			buildSettings = {
				ASSETCATALOG_COMPILER_APPICON_NAME = AppIcon;
				ASSETCATALOG_COMPILER_GLOBAL_ACCENT_COLOR_NAME = AccentColor;
				CODE_SIGN_STYLE = Automatic;
				CURRENT_PROJECT_VERSION = 1;
				GENERATE_INFOPLIST_FILE = YES;
				INFOPLIST_FILE = DailyChallenges/Info.plist;
				INFOPLIST_KEY_UIApplicationSupportsIndirectInputEvents = YES;
				INFOPLIST_KEY_UILaunchStoryboardName = LaunchScreen;
				INFOPLIST_KEY_UIMainStoryboardFile = Main;
				INFOPLIST_KEY_UISupportedInterfaceOrientations_iPad = "UIInterfaceOrientationPortrait UIInterfaceOrientationPortraitUpsideDown UIInterfaceOrientationLandscapeLeft UIInterfaceOrientationLandscapeRight";
				INFOPLIST_KEY_UISupportedInterfaceOrientations_iPhone = "UIInterfaceOrientationPortrait UIInterfaceOrientationLandscapeLeft UIInterfaceOrientationLandscapeRight";
				LD_RUNPATH_SEARCH_PATHS = (
					"$(inherited)",
					"@executable_path/Frameworks",
				);
				MARKETING_VERSION = 1.0;
				PRODUCT_BUNDLE_IDENTIFIER = com.haru.DailyChallenges;
				PRODUCT_NAME = "$(TARGET_NAME)";
				SWIFT_EMIT_LOC_STRINGS = YES;
				SWIFT_VERSION = 5.0;
				TARGETED_DEVICE_FAMILY = "1,2";
			};
			name = Debug;
		};
		D3BCF0B32A012616001A73EE /* Release */ = {
			isa = XCBuildConfiguration;
			buildSettings = {
				ASSETCATALOG_COMPILER_APPICON_NAME = AppIcon;
				ASSETCATALOG_COMPILER_GLOBAL_ACCENT_COLOR_NAME = AccentColor;
				CODE_SIGN_STYLE = Automatic;
				CURRENT_PROJECT_VERSION = 1;
				GENERATE_INFOPLIST_FILE = YES;
				INFOPLIST_FILE = DailyChallenges/Info.plist;
				INFOPLIST_KEY_UIApplicationSupportsIndirectInputEvents = YES;
				INFOPLIST_KEY_UILaunchStoryboardName = LaunchScreen;
				INFOPLIST_KEY_UIMainStoryboardFile = Main;
				INFOPLIST_KEY_UISupportedInterfaceOrientations_iPad = "UIInterfaceOrientationPortrait UIInterfaceOrientationPortraitUpsideDown UIInterfaceOrientationLandscapeLeft UIInterfaceOrientationLandscapeRight";
				INFOPLIST_KEY_UISupportedInterfaceOrientations_iPhone = "UIInterfaceOrientationPortrait UIInterfaceOrientationLandscapeLeft UIInterfaceOrientationLandscapeRight";
				LD_RUNPATH_SEARCH_PATHS = (
					"$(inherited)",
					"@executable_path/Frameworks",
				);
				MARKETING_VERSION = 1.0;
				PRODUCT_BUNDLE_IDENTIFIER = com.haru.DailyChallenges;
				PRODUCT_NAME = "$(TARGET_NAME)";
				SWIFT_EMIT_LOC_STRINGS = YES;
				SWIFT_VERSION = 5.0;
				TARGETED_DEVICE_FAMILY = "1,2";
			};
			name = Release;
		};
/* End XCBuildConfiguration section */

/* Begin XCConfigurationList section */
		D3BCF0982A012614001A73EE /* Build configuration list for PBXProject "DailyChallenges" */ = {
			isa = XCConfigurationList;
			buildConfigurations = (
				D3BCF0AF2A012616001A73EE /* Debug */,
				D3BCF0B02A012616001A73EE /* Release */,
			);
			defaultConfigurationIsVisible = 0;
			defaultConfigurationName = Release;
		};
		D3BCF0B12A012616001A73EE /* Build configuration list for PBXNativeTarget "DailyChallenges" */ = {
			isa = XCConfigurationList;
			buildConfigurations = (
				D3BCF0B22A012616001A73EE /* Debug */,
				D3BCF0B32A012616001A73EE /* Release */,
			);
			defaultConfigurationIsVisible = 0;
			defaultConfigurationName = Release;
		};
/* End XCConfigurationList section */
	};
	rootObject = D3BCF0952A012614001A73EE /* Project object */;
}
